{
  "name": "hello-cdk",
  "version": "1.0.0",
  "lockfileVersion": 1,
  "requires": true,
  "dependencies": {
    "@aws-cdk/aws-certificatemanager": {
      "version": "0.8.0",
      "resolved": "https://registry.npmjs.org/@aws-cdk/aws-certificatemanager/-/aws-certificatemanager-0.8.0.tgz",
      "integrity": "sha512-ZRshJv/H0B/YHsxSCiAFzuutlOMLnf00gzlPgECdWDeRLgq43XgtFKAcsJsniQoRl+l+xlO2lkRRowwBeMBETA==",
      "requires": {
        "@aws-cdk/aws-iam": "^0.8.0+bb95676",
        "@aws-cdk/cdk": "^0.8.0+bb95676"
      }
    },
    "@aws-cdk/aws-cloudfront": {
      "version": "0.8.0",
      "resolved": "https://registry.npmjs.org/@aws-cdk/aws-cloudfront/-/aws-cloudfront-0.8.0.tgz",
      "integrity": "sha512-TmgZ2xPmcT+DgX8NSGx+hah1siENZoSDVRoaKSKgd0akiottFAymBnJBoVY5ObWQHUGBIqfsHHxCKq97GSBACA==",
      "requires": {
        "@aws-cdk/aws-certificatemanager": "^0.8.0+bb95676",
        "@aws-cdk/aws-iam": "^0.8.0+bb95676",
        "@aws-cdk/aws-kms": "^0.8.0+bb95676",
        "@aws-cdk/aws-s3": "^0.8.0+bb95676",
        "@aws-cdk/cdk": "^0.8.0+bb95676"
      }
    },
    "@aws-cdk/aws-iam": {
      "version": "0.8.0",
      "resolved": "https://registry.npmjs.org/@aws-cdk/aws-iam/-/aws-iam-0.8.0.tgz",
      "integrity": "sha512-D2LDVu2WMAaLlHqZ26aQgYye+TobaWiLOg/pB8BEhqUeq5AMyffWG3PrYVRc69SDkTTNRxu2l5QGqBQ4r62mog==",
      "requires": {
        "@aws-cdk/cdk": "^0.8.0+bb95676"
      }
    },
    "@aws-cdk/aws-kms": {
      "version": "0.8.0",
      "resolved": "https://registry.npmjs.org/@aws-cdk/aws-kms/-/aws-kms-0.8.0.tgz",
      "integrity": "sha512-tYz5MHDS+ELiKwr6411abO+Ha0VUYW+4+9dyE/VN9j4PUZkkIaqiH3BX+VPxggke13FUDw1ZsMsSqovmry8ZZg==",
      "requires": {
        "@aws-cdk/aws-iam": "^0.8.0+bb95676",
        "@aws-cdk/cdk": "^0.8.0+bb95676"
      }
    },
    "@aws-cdk/aws-s3": {
      "version": "0.8.0",
      "resolved": "https://registry.npmjs.org/@aws-cdk/aws-s3/-/aws-s3-0.8.0.tgz",
      "integrity": "sha512-oWqgcMHf0weICr0lU/2zs7xtfYrQR6z42lGz6MmhokKaqQ3yU4biCC36GJ3Rlzyy+7vXrQ4uSwspqRoYOAgIDw==",
      "requires": {
        "@aws-cdk/aws-iam": "^0.8.0+bb95676",
        "@aws-cdk/aws-kms": "^0.8.0+bb95676",
        "@aws-cdk/cdk": "^0.8.0+bb95676"
      }
    },
    "@aws-cdk/cdk": {
      "version": "0.8.0",
      "resolved": "https://registry.npmjs.org/@aws-cdk/cdk/-/cdk-0.8.0.tgz",
      "integrity": "sha512-3D+A6kQQVh6iIls1QFqBrVFSYCd5RI1lrdgQ17D1F2GP9TXyCb8P9Z6wtqedOApKXMgiXyE7/oAhlB33kDm5fg==",
      "requires": {
        "@aws-cdk/cx-api": "^0.8.0+bb95676",
        "js-base64": "^2.4.5",
        "json-diff": "^0.3.1"
      },
      "dependencies": {
        "cli-color": {
          "version": "0.1.7",
          "bundled": true,
          "requires": {
            "es5-ext": "0.8.x"
          }
        },
        "difflib": {
          "version": "0.2.4",
          "bundled": true,
          "requires": {
            "heap": ">= 0.2.0"
          }
        },
        "dreamopt": {
          "version": "0.6.0",
          "bundled": true,
          "requires": {
            "wordwrap": ">=0.0.2"
          }
        },
        "es5-ext": {
          "version": "0.8.2",
          "bundled": true
        },
        "heap": {
          "version": "0.2.6",
          "bundled": true
        },
        "js-base64": {
          "version": "2.4.5",
          "bundled": true
        },
        "json-diff": {
          "version": "0.3.1",
          "bundled": true,
          "requires": {
            "cli-color": "~0.1.6",
            "difflib": "~0.2.1",
            "dreamopt": "~0.6.0"
          }
        },
        "wordwrap": {
          "version": "1.0.0",
          "bundled": true
        }
      }
    },
    "@aws-cdk/cx-api": {
      "version": "0.8.0",
      "resolved": "https://registry.npmjs.org/@aws-cdk/cx-api/-/cx-api-0.8.0.tgz",
      "integrity": "sha512-OhNdYKI3lgZj2l76W/HJ5XuZAuAiqreT65VXYJnmEYzy8HjNmoOtVKHF7D/UgH0cWwjFYi8s9FYAmYsrOeLFIw=="
    },
    "@types/node": {
      "version": "10.5.5",
      "resolved": "https://registry.npmjs.org/@types/node/-/node-10.5.5.tgz",
      "integrity": "sha512-6Qnb1gXbp3g1JX9QVJj3A6ORzc9XCyhokxUKaoonHgNXcQhmk8adhotxfkeK8El9TnFeUuH72yI6jQ5nDJKS6w=="
    }
  }
}
